
Microsoft Visual Studio Solution File, Format Version 12.00
# Visual Studio 15
VisualStudioVersion = 15.0.27428.2002
MinimumVisualStudioVersion = 10.0.40219.1
Project("{FAE04EC0-301F-11D3-BF4B-00C04F79EFBC}") = "HackISU-2018", "HackISU-2018\HackISU-2018.csproj", "{D39FA412-4A19-40EE-ABD3-F8A0C6EDE07E}"
EndProject
Global
	GlobalSection(SolutionConfigurationPlatforms) = preSolution
		Debug|x86 = Debug|x86
		Release|x86 = Release|x86
	EndGlobalSection
	GlobalSection(ProjectConfigurationPlatforms) = postSolution
		{D39FA412-4A19-40EE-ABD3-F8A0C6EDE07E}.Debug|x86.ActiveCfg = Debug|x86
		{D39FA412-4A19-40EE-ABD3-F8A0C6EDE07E}.Debug|x86.Build.0 = Debug|x86
		{D39FA412-4A19-40EE-ABD3-F8A0C6EDE07E}.Release|x86.ActiveCfg = Release|x86
		{D39FA412-4A19-40EE-ABD3-F8A0C6EDE07E}.Release|x86.Build.0 = Release|x86
	EndGlobalSection
	GlobalSection(SolutionProperties) = preSolution
		HideSolutionNode = FALSE
	EndGlobalSection
	GlobalSection(ExtensibilityGlobals) = postSolution
		SolutionGuid = {B4F9E2AA-563C-4265-A470-D09672291839}
	EndGlobalSection
EndGlobal
